
Microsoft Visual Studio Solution File, Format Version 12.00
# Visual Studio 14
VisualStudioVersion = 14.0.23107.0
MinimumVisualStudioVersion = 10.0.40219.1
Project("{FAE04EC0-301F-11D3-BF4B-00C04F79EFBC}") = "Day1_Challange1", "Day1_Challenge1\Day1_Challange1.csproj", "{EF9222DD-69C8-4849-85E5-FE0B2E36E84F}"
EndProject
Project("{FAE04EC0-301F-11D3-BF4B-00C04F79EFBC}") = "Day1_Challenge2", "Day1_Challenge2\Day1_Challenge2.csproj", "{5A8CFA9F-5D23-4B85-A47B-439968706E5A}"
EndProject
Project("{FAE04EC0-301F-11D3-BF4B-00C04F79EFBC}") = "Day2_Challenge1", "Day2_Challenge1\Day2_Challenge1.csproj", "{4365EA69-CC36-45C1-B158-E13C4436A03C}"
EndProject
Project("{FAE04EC0-301F-11D3-BF4B-00C04F79EFBC}") = "Day2_Challenge2", "Day2_Challenge2\Day2_Challenge2.csproj", "{881BF8F1-1B98-455A-AEAE-C99E46910972}"
EndProject
Project("{FAE04EC0-301F-11D3-BF4B-00C04F79EFBC}") = "Day3_Challenge1", "Day3_Challenge1\Day3_Challenge1.csproj", "{EACA0047-16CF-4B13-8705-17E3E68E5494}"
EndProject
Global
	GlobalSection(SolutionConfigurationPlatforms) = preSolution
		Debug|Any CPU = Debug|Any CPU
		Release|Any CPU = Release|Any CPU
	EndGlobalSection
	GlobalSection(ProjectConfigurationPlatforms) = postSolution
		{EF9222DD-69C8-4849-85E5-FE0B2E36E84F}.Debug|Any CPU.ActiveCfg = Debug|Any CPU
		{EF9222DD-69C8-4849-85E5-FE0B2E36E84F}.Debug|Any CPU.Build.0 = Debug|Any CPU
		{EF9222DD-69C8-4849-85E5-FE0B2E36E84F}.Release|Any CPU.ActiveCfg = Release|Any CPU
		{EF9222DD-69C8-4849-85E5-FE0B2E36E84F}.Release|Any CPU.Build.0 = Release|Any CPU
		{5A8CFA9F-5D23-4B85-A47B-439968706E5A}.Debug|Any CPU.ActiveCfg = Debug|Any CPU
		{5A8CFA9F-5D23-4B85-A47B-439968706E5A}.Debug|Any CPU.Build.0 = Debug|Any CPU
		{5A8CFA9F-5D23-4B85-A47B-439968706E5A}.Release|Any CPU.ActiveCfg = Release|Any CPU
		{5A8CFA9F-5D23-4B85-A47B-439968706E5A}.Release|Any CPU.Build.0 = Release|Any CPU
		{4365EA69-CC36-45C1-B158-E13C4436A03C}.Debug|Any CPU.ActiveCfg = Debug|Any CPU
		{4365EA69-CC36-45C1-B158-E13C4436A03C}.Debug|Any CPU.Build.0 = Debug|Any CPU
		{4365EA69-CC36-45C1-B158-E13C4436A03C}.Release|Any CPU.ActiveCfg = Release|Any CPU
		{4365EA69-CC36-45C1-B158-E13C4436A03C}.Release|Any CPU.Build.0 = Release|Any CPU
		{881BF8F1-1B98-455A-AEAE-C99E46910972}.Debug|Any CPU.ActiveCfg = Debug|Any CPU
		{881BF8F1-1B98-455A-AEAE-C99E46910972}.Debug|Any CPU.Build.0 = Debug|Any CPU
		{881BF8F1-1B98-455A-AEAE-C99E46910972}.Release|Any CPU.ActiveCfg = Release|Any CPU
		{881BF8F1-1B98-455A-AEAE-C99E46910972}.Release|Any CPU.Build.0 = Release|Any CPU
		{EACA0047-16CF-4B13-8705-17E3E68E5494}.Debug|Any CPU.ActiveCfg = Debug|Any CPU
		{EACA0047-16CF-4B13-8705-17E3E68E5494}.Debug|Any CPU.Build.0 = Debug|Any CPU
		{EACA0047-16CF-4B13-8705-17E3E68E5494}.Release|Any CPU.ActiveCfg = Release|Any CPU
		{EACA0047-16CF-4B13-8705-17E3E68E5494}.Release|Any CPU.Build.0 = Release|Any CPU
	EndGlobalSection
	GlobalSection(SolutionProperties) = preSolution
		HideSolutionNode = FALSE
	EndGlobalSection
EndGlobal
